
Microsoft Visual Studio Solution File, Format Version 12.00
# Visual Studio Version 16
VisualStudioVersion = 16.0.31624.102
MinimumVisualStudioVersion = 10.0.40219.1
Project("{FAE04EC0-301F-11D3-BF4B-00C04F79EFBC}") = "gametask-back-api", "gametask-back-api\gametask-back-api.csproj", "{D2A4EE99-0F3E-4180-8E69-761F66920BFC}"
EndProject
Global
	GlobalSection(SolutionConfigurationPlatforms) = preSolution
		Debug|Any CPU = Debug|Any CPU
		Release|Any CPU = Release|Any CPU
	EndGlobalSection
	GlobalSection(ProjectConfigurationPlatforms) = postSolution
		{D2A4EE99-0F3E-4180-8E69-761F66920BFC}.Debug|Any CPU.ActiveCfg = Debug|Any CPU
		{D2A4EE99-0F3E-4180-8E69-761F66920BFC}.Debug|Any CPU.Build.0 = Debug|Any CPU
		{D2A4EE99-0F3E-4180-8E69-761F66920BFC}.Release|Any CPU.ActiveCfg = Release|Any CPU
		{D2A4EE99-0F3E-4180-8E69-761F66920BFC}.Release|Any CPU.Build.0 = Release|Any CPU
	EndGlobalSection
	GlobalSection(SolutionProperties) = preSolution
		HideSolutionNode = FALSE
	EndGlobalSection
	GlobalSection(ExtensibilityGlobals) = postSolution
		SolutionGuid = {743F4AE7-B368-4965-9A18-1B9F43378D9F}
	EndGlobalSection
EndGlobal
